PODS:
  - EHPlainAlert (1.2.1)
  - FLAnimatedImage (1.0.12)

DEPENDENCIES:
  - EHPlainAlert
  - FLAnimatedImage (~> 1.0)

SPEC CHECKSUMS:
  EHPlainAlert: c58e5583ca5ad2a82693d49762b2646011fcb389
  FLAnimatedImage: 4a0b56255d9b05f18b6dd7ee06871be5d3b89e31

PODFILE CHECKSUM: fd853c2d6bc9f5a560998d49cbe5d1b7622ef6bb

COCOAPODS: 1.0.0
