// !$*UTF8*$!
{
	archiveVersion = 1;
	classes = {
	};
	objectVersion = 46;
	objects = {

/* Begin PBXBuildFile section */
		3D0D886D534C832522495E66 /* libPods-projectKey.a in Frameworks */ = {isa = PBXBuildFile; fileRef = 5527FED656F693B599FB1AEE /* libPods-projectKey.a */; };
		A52FF03E1DE99BD300BF082B /* pick.png in Resources */ = {isa = PBXBuildFile; fileRef = A52FF03D1DE99BD300BF082B /* pick.png */; };
		A52FF0411DE9A15500BF082B /* OrderPickupVC.m in Sources */ = {isa = PBXBuildFile; fileRef = A52FF0401DE9A15500BF082B /* OrderPickupVC.m */; };
		A53E03901DE8C91F00AE7A17 /* main.m in Sources */ = {isa = PBXBuildFile; fileRef = A53E038F1DE8C91F00AE7A17 /* main.m */; };
		A53E03931DE8C91F00AE7A17 /* AppDelegate.m in Sources */ = {isa = PBXBuildFile; fileRef = A53E03921DE8C91F00AE7A17 /* AppDelegate.m */; };
		A53E03961DE8C91F00AE7A17 /* ViewController.m in Sources */ = {isa = PBXBuildFile; fileRef = A53E03951DE8C91F00AE7A17 /* ViewController.m */; };
		A53E03991DE8C91F00AE7A17 /* Main.storyboard in Resources */ = {isa = PBXBuildFile; fileRef = A53E03971DE8C91F00AE7A17 /* Main.storyboard */; };
		A53E039B1DE8C91F00AE7A17 /* Assets.xcassets in Resources */ = {isa = PBXBuildFile; fileRef = A53E039A1DE8C91F00AE7A17 /* Assets.xcassets */; };
		A53E039E1DE8C91F00AE7A17 /* LaunchScreen.storyboard in Resources */ = {isa = PBXBuildFile; fileRef = A53E039C1DE8C91F00AE7A17 /* LaunchScreen.storyboard */; };
		A53E03A71DE8D81700AE7A17 /* TableViewCell.m in Sources */ = {isa = PBXBuildFile; fileRef = A53E03A61DE8D81700AE7A17 /* TableViewCell.m */; };
		A53E03AE1DE8DE4400AE7A17 /* d.jpeg in Resources */ = {isa = PBXBuildFile; fileRef = A53E03AD1DE8DE4400AE7A17 /* d.jpeg */; };
		A53E03B41DE8E49000AE7A17 /* ItemVC.m in Sources */ = {isa = PBXBuildFile; fileRef = A53E03B31DE8E49000AE7A17 /* ItemVC.m */; };
		A53E03B81DE8E51A00AE7A17 /* Item.m in Sources */ = {isa = PBXBuildFile; fileRef = A53E03B71DE8E51A00AE7A17 /* Item.m */; };
		A53E03BA1DE97EE300AE7A17 /* nfc.png in Resources */ = {isa = PBXBuildFile; fileRef = A53E03B91DE97EE300AE7A17 /* nfc.png */; };
		A53E03C51DE9855900AE7A17 /* info-button@3x.png in Resources */ = {isa = PBXBuildFile; fileRef = A53E03C21DE9855900AE7A17 /* info-button@3x.png */; };
		A53E03C61DE9855900AE7A17 /* info-button.png in Resources */ = {isa = PBXBuildFile; fileRef = A53E03C31DE9855900AE7A17 /* info-button.png */; };
		A53E03C71DE9855900AE7A17 /* info-button@2x.png in Resources */ = {isa = PBXBuildFile; fileRef = A53E03C41DE9855900AE7A17 /* info-button@2x.png */; };
		A53E03CD1DE98BB200AE7A17 /* OrderWaitVC.m in Sources */ = {isa = PBXBuildFile; fileRef = A53E03CC1DE98BB200AE7A17 /* OrderWaitVC.m */; };
		A53E03CF1DE98D6600AE7A17 /* buy.gif in Resources */ = {isa = PBXBuildFile; fileRef = A53E03CE1DE98D6600AE7A17 /* buy.gif */; };
/* End PBXBuildFile section */

/* Begin PBXFileReference section */
		2C6F30D5F80DCD7B720C56ED /* Pods-projectKey.debug.xcconfig */ = {isa = PBXFileReference; includeInIndex = 1; lastKnownFileType = text.xcconfig; name = "Pods-projectKey.debug.xcconfig"; path = "Pods/Target Support Files/Pods-projectKey/Pods-projectKey.debug.xcconfig"; sourceTree = "<group>"; };
		3E4AEF97BBEF9BC381E47FFC /* Pods-projectKey.release.xcconfig */ = {isa = PBXFileReference; includeInIndex = 1; lastKnownFileType = text.xcconfig; name = "Pods-projectKey.release.xcconfig"; path = "Pods/Target Support Files/Pods-projectKey/Pods-projectKey.release.xcconfig"; sourceTree = "<group>"; };
		5527FED656F693B599FB1AEE /* libPods-projectKey.a */ = {isa = PBXFileReference; explicitFileType = archive.ar; includeInIndex = 0; path = "libPods-projectKey.a"; sourceTree = BUILT_PRODUCTS_DIR; };
		A52FF03D1DE99BD300BF082B /* pick.png */ = {isa = PBXFileReference; lastKnownFileType = image.png; path = pick.png; sourceTree = "<group>"; };
		A52FF03F1DE9A15500BF082B /* OrderPickupVC.h */ = {isa = PBXFileReference; fileEncoding = 4; lastKnownFileType = sourcecode.c.h; path = OrderPickupVC.h; sourceTree = "<group>"; };
		A52FF0401DE9A15500BF082B /* OrderPickupVC.m */ = {isa = PBXFileReference; fileEncoding = 4; lastKnownFileType = sourcecode.c.objc; path = OrderPickupVC.m; sourceTree = "<group>"; };
		A53E038B1DE8C91F00AE7A17 /* projectKey.app */ = {isa = PBXFileReference; explicitFileType = wrapper.application; includeInIndex = 0; path = projectKey.app; sourceTree = BUILT_PRODUCTS_DIR; };
		A53E038F1DE8C91F00AE7A17 /* main.m */ = {isa = PBXFileReference; lastKnownFileType = sourcecode.c.objc; path = main.m; sourceTree = "<group>"; };
		A53E03911DE8C91F00AE7A17 /* AppDelegate.h */ = {isa = PBXFileReference; lastKnownFileType = sourcecode.c.h; path = AppDelegate.h; sourceTree = "<group>"; };
		A53E03921DE8C91F00AE7A17 /* AppDelegate.m */ = {isa = PBXFileReference; lastKnownFileType = sourcecode.c.objc; path = AppDelegate.m; sourceTree = "<group>"; };
		A53E03941DE8C91F00AE7A17 /* ViewController.h */ = {isa = PBXFileReference; lastKnownFileType = sourcecode.c.h; path = ViewController.h; sourceTree = "<group>"; };
		A53E03951DE8C91F00AE7A17 /* ViewController.m */ = {isa = PBXFileReference; lastKnownFileType = sourcecode.c.objc; path = ViewController.m; sourceTree = "<group>"; };
		A53E03981DE8C91F00AE7A17 /* Base */ = {isa = PBXFileReference; lastKnownFileType = file.storyboard; name = Base; path = Base.lproj/Main.storyboard; sourceTree = "<group>"; };
		A53E039A1DE8C91F00AE7A17 /* Assets.xcassets */ = {isa = PBXFileReference; lastKnownFileType = folder.assetcatalog; path = Assets.xcassets; sourceTree = "<group>"; };
		A53E039D1DE8C91F00AE7A17 /* Base */ = {isa = PBXFileReference; lastKnownFileType = file.storyboard; name = Base; path = Base.lproj/LaunchScreen.storyboard; sourceTree = "<group>"; };
		A53E039F1DE8C91F00AE7A17 /* Info.plist */ = {isa = PBXFileReference; lastKnownFileType = text.plist.xml; path = Info.plist; sourceTree = "<group>"; };
		A53E03A51DE8D81700AE7A17 /* TableViewCell.h */ = {isa = PBXFileReference; fileEncoding = 4; lastKnownFileType = sourcecode.c.h; path = TableViewCell.h; sourceTree = "<group>"; };
		A53E03A61DE8D81700AE7A17 /* TableViewCell.m */ = {isa = PBXFileReference; fileEncoding = 4; lastKnownFileType = sourcecode.c.objc; path = TableViewCell.m; sourceTree = "<group>"; };
		A53E03AD1DE8DE4400AE7A17 /* d.jpeg */ = {isa = PBXFileReference; lastKnownFileType = image.jpeg; path = d.jpeg; sourceTree = "<group>"; };
		A53E03B21DE8E49000AE7A17 /* ItemVC.h */ = {isa = PBXFileReference; fileEncoding = 4; lastKnownFileType = sourcecode.c.h; name = ItemVC.h; path = ../ItemVC.h; sourceTree = "<group>"; };
		A53E03B31DE8E49000AE7A17 /* ItemVC.m */ = {isa = PBXFileReference; fileEncoding = 4; lastKnownFileType = sourcecode.c.objc; name = ItemVC.m; path = ../ItemVC.m; sourceTree = "<group>"; };
		A53E03B61DE8E51A00AE7A17 /* Item.h */ = {isa = PBXFileReference; fileEncoding = 4; lastKnownFileType = sourcecode.c.h; path = Item.h; sourceTree = "<group>"; };
		A53E03B71DE8E51A00AE7A17 /* Item.m */ = {isa = PBXFileReference; fileEncoding = 4; lastKnownFileType = sourcecode.c.objc; path = Item.m; sourceTree = "<group>"; };
		A53E03B91DE97EE300AE7A17 /* nfc.png */ = {isa = PBXFileReference; lastKnownFileType = image.png; path = nfc.png; sourceTree = "<group>"; };
		A53E03C21DE9855900AE7A17 /* info-button@3x.png */ = {isa = PBXFileReference; lastKnownFileType = image.png; path = "info-button@3x.png"; sourceTree = "<group>"; };
		A53E03C31DE9855900AE7A17 /* info-button.png */ = {isa = PBXFileReference; lastKnownFileType = image.png; path = "info-button.png"; sourceTree = "<group>"; };
		A53E03C41DE9855900AE7A17 /* info-button@2x.png */ = {isa = PBXFileReference; lastKnownFileType = image.png; path = "info-button@2x.png"; sourceTree = "<group>"; };
		A53E03CB1DE98BB200AE7A17 /* OrderWaitVC.h */ = {isa = PBXFileReference; fileEncoding = 4; lastKnownFileType = sourcecode.c.h; path = OrderWaitVC.h; sourceTree = "<group>"; };
		A53E03CC1DE98BB200AE7A17 /* OrderWaitVC.m */ = {isa = PBXFileReference; fileEncoding = 4; lastKnownFileType = sourcecode.c.objc; path = OrderWaitVC.m; sourceTree = "<group>"; };
		A53E03CE1DE98D6600AE7A17 /* buy.gif */ = {isa = PBXFileReference; lastKnownFileType = image.gif; path = buy.gif; sourceTree = "<group>"; };
/* End PBXFileReference section */

/* Begin PBXFrameworksBuildPhase section */
		A53E03881DE8C91E00AE7A17 /* Frameworks */ = {
			isa = PBXFrameworksBuildPhase;
			buildActionMask = 2147483647;
			files = (
				3D0D886D534C832522495E66 /* libPods-projectKey.a in Frameworks */,
			);
			runOnlyForDeploymentPostprocessing = 0;
		};
/* End PBXFrameworksBuildPhase section */

/* Begin PBXGroup section */
		A53E03821DE8C91E00AE7A17 = {
			isa = PBXGroup;
			children = (
				A53E038D1DE8C91F00AE7A17 /* projectKey */,
				A53E038C1DE8C91F00AE7A17 /* Products */,
				EF89CE7F79D21B26F1235E05 /* Pods */,
				E5F500635622835EC9248EC3 /* Frameworks */,
			);
			sourceTree = "<group>";
		};
		A53E038C1DE8C91F00AE7A17 /* Products */ = {
			isa = PBXGroup;
			children = (
				A53E038B1DE8C91F00AE7A17 /* projectKey.app */,
			);
			name = Products;
			sourceTree = "<group>";
		};
		A53E038D1DE8C91F00AE7A17 /* projectKey */ = {
			isa = PBXGroup;
			children = (
				A52FF03D1DE99BD300BF082B /* pick.png */,
				A53E03B91DE97EE300AE7A17 /* nfc.png */,
				A53E03AD1DE8DE4400AE7A17 /* d.jpeg */,
				A53E03CE1DE98D6600AE7A17 /* buy.gif */,
				A53E03911DE8C91F00AE7A17 /* AppDelegate.h */,
				A53E03921DE8C91F00AE7A17 /* AppDelegate.m */,
				A53E03941DE8C91F00AE7A17 /* ViewController.h */,
				A53E03951DE8C91F00AE7A17 /* ViewController.m */,
				A53E03B21DE8E49000AE7A17 /* ItemVC.h */,
				A53E03B31DE8E49000AE7A17 /* ItemVC.m */,
				A53E03971DE8C91F00AE7A17 /* Main.storyboard */,
				A53E03A51DE8D81700AE7A17 /* TableViewCell.h */,
				A53E03A61DE8D81700AE7A17 /* TableViewCell.m */,
				A53E03CB1DE98BB200AE7A17 /* OrderWaitVC.h */,
				A53E03CC1DE98BB200AE7A17 /* OrderWaitVC.m */,
				A52FF03F1DE9A15500BF082B /* OrderPickupVC.h */,
				A52FF0401DE9A15500BF082B /* OrderPickupVC.m */,
				A53E03BB1DE984CA00AE7A17 /* New Group */,
				A53E03B51DE8E4BA00AE7A17 /* Models */,
				A53E039A1DE8C91F00AE7A17 /* Assets.xcassets */,
				A53E039C1DE8C91F00AE7A17 /* LaunchScreen.storyboard */,
				A53E039F1DE8C91F00AE7A17 /* Info.plist */,
				A53E038E1DE8C91F00AE7A17 /* Supporting Files */,
			);
			path = projectKey;
			sourceTree = "<group>";
		};
		A53E038E1DE8C91F00AE7A17 /* Supporting Files */ = {
			isa = PBXGroup;
			children = (
				A53E038F1DE8C91F00AE7A17 /* main.m */,
			);
			name = "Supporting Files";
			sourceTree = "<group>";
		};
		A53E03B51DE8E4BA00AE7A17 /* Models */ = {
			isa = PBXGroup;
			children = (
				A53E03B61DE8E51A00AE7A17 /* Item.h */,
				A53E03B71DE8E51A00AE7A17 /* Item.m */,
			);
			name = Models;
			sourceTree = "<group>";
		};
		A53E03BB1DE984CA00AE7A17 /* New Group */ = {
			isa = PBXGroup;
			children = (
				A53E03C21DE9855900AE7A17 /* info-button@3x.png */,
				A53E03C31DE9855900AE7A17 /* info-button.png */,
				A53E03C41DE9855900AE7A17 /* info-button@2x.png */,
			);
			name = "New Group";
			sourceTree = "<group>";
		};
		E5F500635622835EC9248EC3 /* Frameworks */ = {
			isa = PBXGroup;
			children = (
				5527FED656F693B599FB1AEE /* libPods-projectKey.a */,
			);
			name = Frameworks;
			sourceTree = "<group>";
		};
		EF89CE7F79D21B26F1235E05 /* Pods */ = {
			isa = PBXGroup;
			children = (
				2C6F30D5F80DCD7B720C56ED /* Pods-projectKey.debug.xcconfig */,
				3E4AEF97BBEF9BC381E47FFC /* Pods-projectKey.release.xcconfig */,
			);
			name = Pods;
			sourceTree = "<group>";
		};
/* End PBXGroup section */

/* Begin PBXNativeTarget section */
		A53E038A1DE8C91E00AE7A17 /* projectKey */ = {
			isa = PBXNativeTarget;
			buildConfigurationList = A53E03A21DE8C91F00AE7A17 /* Build configuration list for PBXNativeTarget "projectKey" */;
			buildPhases = (
				139B44B03308DE1A09A68E5F /* 📦 Check Pods Manifest.lock */,
				A53E03871DE8C91E00AE7A17 /* Sources */,
				A53E03881DE8C91E00AE7A17 /* Frameworks */,
				A53E03891DE8C91E00AE7A17 /* Resources */,
				06BBADFE04B0A65FC743FF33 /* 📦 Embed Pods Frameworks */,
				504C16FCECF3073CB26F86A0 /* 📦 Copy Pods Resources */,
			);
			buildRules = (
			);
			dependencies = (
			);
			name = projectKey;
			productName = projectKey;
			productReference = A53E038B1DE8C91F00AE7A17 /* projectKey.app */;
			productType = "com.apple.product-type.application";
		};
/* End PBXNativeTarget section */

/* Begin PBXProject section */
		A53E03831DE8C91E00AE7A17 /* Project object */ = {
			isa = PBXProject;
			attributes = {
				LastUpgradeCheck = 0820;
				ORGANIZATIONNAME = "Сергей Лукоянов";
				TargetAttributes = {
					A53E038A1DE8C91E00AE7A17 = {
						CreatedOnToolsVersion = 8.2;
						DevelopmentTeam = 3XALD943AG;
						ProvisioningStyle = Automatic;
					};
				};
			};
			buildConfigurationList = A53E03861DE8C91E00AE7A17 /* Build configuration list for PBXProject "projectKey" */;
			compatibilityVersion = "Xcode 3.2";
			developmentRegion = English;
			hasScannedForEncodings = 0;
			knownRegions = (
				en,
				Base,
			);
			mainGroup = A53E03821DE8C91E00AE7A17;
			productRefGroup = A53E038C1DE8C91F00AE7A17 /* Products */;
			projectDirPath = "";
			projectRoot = "";
			targets = (
				A53E038A1DE8C91E00AE7A17 /* projectKey */,
			);
		};
/* End PBXProject section */

/* Begin PBXResourcesBuildPhase section */
		A53E03891DE8C91E00AE7A17 /* Resources */ = {
			isa = PBXResourcesBuildPhase;
			buildActionMask = 2147483647;
			files = (
				A53E03CF1DE98D6600AE7A17 /* buy.gif in Resources */,
				A53E039E1DE8C91F00AE7A17 /* LaunchScreen.storyboard in Resources */,
				A53E03C51DE9855900AE7A17 /* info-button@3x.png in Resources */,
				A53E039B1DE8C91F00AE7A17 /* Assets.xcassets in Resources */,
				A53E03991DE8C91F00AE7A17 /* Main.storyboard in Resources */,
				A53E03C71DE9855900AE7A17 /* info-button@2x.png in Resources */,
				A52FF03E1DE99BD300BF082B /* pick.png in Resources */,
				A53E03BA1DE97EE300AE7A17 /* nfc.png in Resources */,
				A53E03AE1DE8DE4400AE7A17 /* d.jpeg in Resources */,
				A53E03C61DE9855900AE7A17 /* info-button.png in Resources */,
			);
			runOnlyForDeploymentPostprocessing = 0;
		};
/* End PBXResourcesBuildPhase section */

/* Begin PBXShellScriptBuildPhase section */
		06BBADFE04B0A65FC743FF33 /* 📦 Embed Pods Frameworks */ = {
			isa = PBXShellScriptBuildPhase;
			buildActionMask = 2147483647;
			files = (
			);
			inputPaths = (
			);
			name = "📦 Embed Pods Frameworks";
			outputPaths = (
			);
			runOnlyForDeploymentPostprocessing = 0;
			shellPath = /bin/sh;
			shellScript = "\"${SRCROOT}/Pods/Target Support Files/Pods-projectKey/Pods-projectKey-frameworks.sh\"\n";
			showEnvVarsInLog = 0;
		};
		139B44B03308DE1A09A68E5F /* 📦 Check Pods Manifest.lock */ = {
			isa = PBXShellScriptBuildPhase;
			buildActionMask = 2147483647;
			files = (
			);
			inputPaths = (
			);
			name = "📦 Check Pods Manifest.lock";
			outputPaths = (
			);
			runOnlyForDeploymentPostprocessing = 0;
			shellPath = /bin/sh;
			shellScript = "diff \"${PODS_ROOT}/../Podfile.lock\" \"${PODS_ROOT}/Manifest.lock\" > /dev/null\nif [[ $? != 0 ]] ; then\n    cat << EOM\nerror: The sandbox is not in sync with the Podfile.lock. Run 'pod install' or update your CocoaPods installation.\nEOM\n    exit 1\nfi\n";
			showEnvVarsInLog = 0;
		};
		504C16FCECF3073CB26F86A0 /* 📦 Copy Pods Resources */ = {
			isa = PBXShellScriptBuildPhase;
			buildActionMask = 2147483647;
			files = (
			);
			inputPaths = (
			);
			name = "📦 Copy Pods Resources";
			outputPaths = (
			);
			runOnlyForDeploymentPostprocessing = 0;
			shellPath = /bin/sh;
			shellScript = "\"${SRCROOT}/Pods/Target Support Files/Pods-projectKey/Pods-projectKey-resources.sh\"\n";
			showEnvVarsInLog = 0;
		};
/* End PBXShellScriptBuildPhase section */

/* Begin PBXSourcesBuildPhase section */
		A53E03871DE8C91E00AE7A17 /* Sources */ = {
			isa = PBXSourcesBuildPhase;
			buildActionMask = 2147483647;
			files = (
				A53E03CD1DE98BB200AE7A17 /* OrderWaitVC.m in Sources */,
				A53E03B81DE8E51A00AE7A17 /* Item.m in Sources */,
				A53E03961DE8C91F00AE7A17 /* ViewController.m in Sources */,
				A52FF0411DE9A15500BF082B /* OrderPickupVC.m in Sources */,
				A53E03A71DE8D81700AE7A17 /* TableViewCell.m in Sources */,
				A53E03931DE8C91F00AE7A17 /* AppDelegate.m in Sources */,
				A53E03B41DE8E49000AE7A17 /* ItemVC.m in Sources */,
				A53E03901DE8C91F00AE7A17 /* main.m in Sources */,
			);
			runOnlyForDeploymentPostprocessing = 0;
		};
/* End PBXSourcesBuildPhase section */

/* Begin PBXVariantGroup section */
		A53E03971DE8C91F00AE7A17 /* Main.storyboard */ = {
			isa = PBXVariantGroup;
			children = (
				A53E03981DE8C91F00AE7A17 /* Base */,
			);
			name = Main.storyboard;
			sourceTree = "<group>";
		};
		A53E039C1DE8C91F00AE7A17 /* LaunchScreen.storyboard */ = {
			isa = PBXVariantGroup;
			children = (
				A53E039D1DE8C91F00AE7A17 /* Base */,
			);
			name = LaunchScreen.storyboard;
			sourceTree = "<group>";
		};
/* End PBXVariantGroup section */

/* Begin XCBuildConfiguration section */
		A53E03A01DE8C91F00AE7A17 /* Debug */ = {
			isa = XCBuildConfiguration;
			buildSettings = {
				ALWAYS_SEARCH_USER_PATHS = NO;
				CLANG_ANALYZER_NONNULL = YES;
				CLANG_CXX_LANGUAGE_STANDARD = "gnu++0x";
				CLANG_CXX_LIBRARY = "libc++";
				CLANG_ENABLE_MODULES = YES;
				CLANG_ENABLE_OBJC_ARC = YES;
				CLANG_WARN_BOOL_CONVERSION = YES;
				CLANG_WARN_CONSTANT_CONVERSION = YES;
				CLANG_WARN_DIRECT_OBJC_ISA_USAGE = YES_ERROR;
				CLANG_WARN_DOCUMENTATION_COMMENTS = YES;
				CLANG_WARN_EMPTY_BODY = YES;
				CLANG_WARN_ENUM_CONVERSION = YES;
				CLANG_WARN_INFINITE_RECURSION = YES;
				CLANG_WARN_INT_CONVERSION = YES;
				CLANG_WARN_OBJC_ROOT_CLASS = YES_ERROR;
				CLANG_WARN_SUSPICIOUS_MOVE = YES;
				CLANG_WARN_UNREACHABLE_CODE = YES;
				CLANG_WARN__DUPLICATE_METHOD_MATCH = YES;
				"CODE_SIGN_IDENTITY[sdk=iphoneos*]" = "iPhone Developer";
				COPY_PHASE_STRIP = NO;
				DEBUG_INFORMATION_FORMAT = dwarf;
				ENABLE_STRICT_OBJC_MSGSEND = YES;
				ENABLE_TESTABILITY = YES;
				GCC_C_LANGUAGE_STANDARD = gnu99;
				GCC_DYNAMIC_NO_PIC = NO;
				GCC_NO_COMMON_BLOCKS = YES;
				GCC_OPTIMIZATION_LEVEL = 0;
				GCC_PREPROCESSOR_DEFINITIONS = (
					"DEBUG=1",
					"$(inherited)",
				);
				GCC_WARN_64_TO_32_BIT_CONVERSION = YES;
				GCC_WARN_ABOUT_RETURN_TYPE = YES_ERROR;
				GCC_WARN_UNDECLARED_SELECTOR = YES;
				GCC_WARN_UNINITIALIZED_AUTOS = YES_AGGRESSIVE;
				GCC_WARN_UNUSED_FUNCTION = YES;
				GCC_WARN_UNUSED_VARIABLE = YES;
				IPHONEOS_DEPLOYMENT_TARGET = 10.2;
				MTL_ENABLE_DEBUG_INFO = YES;
				ONLY_ACTIVE_ARCH = YES;
				SDKROOT = iphoneos;
				TARGETED_DEVICE_FAMILY = "1,2";
			};
			name = Debug;
		};
		A53E03A11DE8C91F00AE7A17 /* Release */ = {
			isa = XCBuildConfiguration;
			buildSettings = {
				ALWAYS_SEARCH_USER_PATHS = NO;
				CLANG_ANALYZER_NONNULL = YES;
				CLANG_CXX_LANGUAGE_STANDARD = "gnu++0x";
				CLANG_CXX_LIBRARY = "libc++";
				CLANG_ENABLE_MODULES = YES;
				CLANG_ENABLE_OBJC_ARC = YES;
				CLANG_WARN_BOOL_CONVERSION = YES;
				CLANG_WARN_CONSTANT_CONVERSION = YES;
				CLANG_WARN_DIRECT_OBJC_ISA_USAGE = YES_ERROR;
				CLANG_WARN_DOCUMENTATION_COMMENTS = YES;
				CLANG_WARN_EMPTY_BODY = YES;
				CLANG_WARN_ENUM_CONVERSION = YES;
				CLANG_WARN_INFINITE_RECURSION = YES;
				CLANG_WARN_INT_CONVERSION = YES;
				CLANG_WARN_OBJC_ROOT_CLASS = YES_ERROR;
				CLANG_WARN_SUSPICIOUS_MOVE = YES;
				CLANG_WARN_UNREACHABLE_CODE = YES;
				CLANG_WARN__DUPLICATE_METHOD_MATCH = YES;
				"CODE_SIGN_IDENTITY[sdk=iphoneos*]" = "iPhone Developer";
				COPY_PHASE_STRIP = NO;
				DEBUG_INFORMATION_FORMAT = "dwarf-with-dsym";
				ENABLE_NS_ASSERTIONS = NO;
				ENABLE_STRICT_OBJC_MSGSEND = YES;
				GCC_C_LANGUAGE_STANDARD = gnu99;
				GCC_NO_COMMON_BLOCKS = YES;
				GCC_WARN_64_TO_32_BIT_CONVERSION = YES;
				GCC_WARN_ABOUT_RETURN_TYPE = YES_ERROR;
				GCC_WARN_UNDECLARED_SELECTOR = YES;
				GCC_WARN_UNINITIALIZED_AUTOS = YES_AGGRESSIVE;
				GCC_WARN_UNUSED_FUNCTION = YES;
				GCC_WARN_UNUSED_VARIABLE = YES;
				IPHONEOS_DEPLOYMENT_TARGET = 10.2;
				MTL_ENABLE_DEBUG_INFO = NO;
				SDKROOT = iphoneos;
				TARGETED_DEVICE_FAMILY = "1,2";
				VALIDATE_PRODUCT = YES;
			};
			name = Release;
		};
		A53E03A31DE8C91F00AE7A17 /* Debug */ = {
			isa = XCBuildConfiguration;
			baseConfigurationReference = 2C6F30D5F80DCD7B720C56ED /* Pods-projectKey.debug.xcconfig */;
			buildSettings = {
				ASSETCATALOG_COMPILER_APPICON_NAME = AppIcon;
				DEVELOPMENT_TEAM = 3XALD943AG;
				INFOPLIST_FILE = projectKey/Info.plist;
				LD_RUNPATH_SEARCH_PATHS = "$(inherited) @executable_path/Frameworks";
				PRODUCT_BUNDLE_IDENTIFIER = noComp.projectKey;
				PRODUCT_NAME = "$(TARGET_NAME)";
			};
			name = Debug;
		};
		A53E03A41DE8C91F00AE7A17 /* Release */ = {
			isa = XCBuildConfiguration;
			baseConfigurationReference = 3E4AEF97BBEF9BC381E47FFC /* Pods-projectKey.release.xcconfig */;
			buildSettings = {
				ASSETCATALOG_COMPILER_APPICON_NAME = AppIcon;
				DEVELOPMENT_TEAM = 3XALD943AG;
				INFOPLIST_FILE = projectKey/Info.plist;
				LD_RUNPATH_SEARCH_PATHS = "$(inherited) @executable_path/Frameworks";
				PRODUCT_BUNDLE_IDENTIFIER = noComp.projectKey;
				PRODUCT_NAME = "$(TARGET_NAME)";
			};
			name = Release;
		};
/* End XCBuildConfiguration section */

/* Begin XCConfigurationList section */
		A53E03861DE8C91E00AE7A17 /* Build configuration list for PBXProject "projectKey" */ = {
			isa = XCConfigurationList;
			buildConfigurations = (
				A53E03A01DE8C91F00AE7A17 /* Debug */,
				A53E03A11DE8C91F00AE7A17 /* Release */,
			);
			defaultConfigurationIsVisible = 0;
			defaultConfigurationName = Release;
		};
		A53E03A21DE8C91F00AE7A17 /* Build configuration list for PBXNativeTarget "projectKey" */ = {
			isa = XCConfigurationList;
			buildConfigurations = (
				A53E03A31DE8C91F00AE7A17 /* Debug */,
				A53E03A41DE8C91F00AE7A17 /* Release */,
			);
			defaultConfigurationIsVisible = 0;
			defaultConfigurationName = Release;
		};
/* End XCConfigurationList section */
	};
	rootObject = A53E03831DE8C91E00AE7A17 /* Project object */;
}
